
Microsoft Visual Studio Solution File, Format Version 12.00
# Visual Studio Version 16
VisualStudioVersion = 16.0.29911.98
MinimumVisualStudioVersion = 10.0.40219.1
Project("{FAE04EC0-301F-11D3-BF4B-00C04F79EFBC}") = "FBN_COVID", "FBN_COVID.csproj", "{4756B771-6409-460A-B3DB-2F7651BD0F7B}"
EndProject
Global
	GlobalSection(SolutionConfigurationPlatforms) = preSolution
		Debug|Any CPU = Debug|Any CPU
		Release|Any CPU = Release|Any CPU
	EndGlobalSection
	GlobalSection(ProjectConfigurationPlatforms) = postSolution
		{4756B771-6409-460A-B3DB-2F7651BD0F7B}.Debug|Any CPU.ActiveCfg = Debug|Any CPU
		{4756B771-6409-460A-B3DB-2F7651BD0F7B}.Debug|Any CPU.Build.0 = Debug|Any CPU
		{4756B771-6409-460A-B3DB-2F7651BD0F7B}.Release|Any CPU.ActiveCfg = Release|Any CPU
		{4756B771-6409-460A-B3DB-2F7651BD0F7B}.Release|Any CPU.Build.0 = Release|Any CPU
	EndGlobalSection
	GlobalSection(SolutionProperties) = preSolution
		HideSolutionNode = FALSE
	EndGlobalSection
	GlobalSection(ExtensibilityGlobals) = postSolution
		SolutionGuid = {078F26DF-FD81-4BA0-BB58-087EF80E0C52}
	EndGlobalSection
EndGlobal
